
Microsoft Visual Studio Solution File, Format Version 12.00
# Visual Studio Version 16
VisualStudioVersion = 16.0.34407.143
MinimumVisualStudioVersion = 10.0.40219.1
Project("{FAE04EC0-301F-11D3-BF4B-00C04F79EFBC}") = "camUI_v2", "camUI_v2\camUI_v2.csproj", "{B3872E7C-8E91-4516-B9F7-10039C928753}"
EndProject
Global
	GlobalSection(SolutionConfigurationPlatforms) = preSolution
		Debug|Any CPU = Debug|Any CPU
		Release|Any CPU = Release|Any CPU
	EndGlobalSection
	GlobalSection(ProjectConfigurationPlatforms) = postSolution
		{B3872E7C-8E91-4516-B9F7-10039C928753}.Debug|Any CPU.ActiveCfg = Debug|Any CPU
		{B3872E7C-8E91-4516-B9F7-10039C928753}.Debug|Any CPU.Build.0 = Debug|Any CPU
		{B3872E7C-8E91-4516-B9F7-10039C928753}.Release|Any CPU.ActiveCfg = Release|Any CPU
		{B3872E7C-8E91-4516-B9F7-10039C928753}.Release|Any CPU.Build.0 = Release|Any CPU
	EndGlobalSection
	GlobalSection(SolutionProperties) = preSolution
		HideSolutionNode = FALSE
	EndGlobalSection
	GlobalSection(ExtensibilityGlobals) = postSolution
		SolutionGuid = {46369000-2EB2-4DAA-902E-3CDF93A1A8B6}
	EndGlobalSection
EndGlobal
