
Microsoft Visual Studio Solution File, Format Version 12.00
# Visual Studio Version 17
VisualStudioVersion = 17.8.34330.188
MinimumVisualStudioVersion = 10.0.40219.1
Project("{FAE04EC0-301F-11D3-BF4B-00C04F79EFBC}") = "WpfApp1", "WpfApp1\WpfApp1.csproj", "{F4D81C0A-CBAF-4366-9164-D596DB22E754}"
EndProject
Global
	GlobalSection(SolutionConfigurationPlatforms) = preSolution
		Debug|Any CPU = Debug|Any CPU
		Release|Any CPU = Release|Any CPU
	EndGlobalSection
	GlobalSection(ProjectConfigurationPlatforms) = postSolution
		{F4D81C0A-CBAF-4366-9164-D596DB22E754}.Debug|Any CPU.ActiveCfg = Debug|Any CPU
		{F4D81C0A-CBAF-4366-9164-D596DB22E754}.Debug|Any CPU.Build.0 = Debug|Any CPU
		{F4D81C0A-CBAF-4366-9164-D596DB22E754}.Release|Any CPU.ActiveCfg = Release|Any CPU
		{F4D81C0A-CBAF-4366-9164-D596DB22E754}.Release|Any CPU.Build.0 = Release|Any CPU
	EndGlobalSection
	GlobalSection(SolutionProperties) = preSolution
		HideSolutionNode = FALSE
	EndGlobalSection
	GlobalSection(ExtensibilityGlobals) = postSolution
		SolutionGuid = {816DEF07-1DF7-4A7F-A4D3-3A2BCCC5FFD3}
	EndGlobalSection
EndGlobal
